
Microsoft Visual Studio Solution File, Format Version 12.00
# Visual Studio Version 16
VisualStudioVersion = 16.0.31624.102
MinimumVisualStudioVersion = 10.0.40219.1
Project("{8BC9CEB8-8B4A-11D0-8D11-00A0C91BC942}") = "drawText", "drawText.vcxproj", "{C0663FE8-773B-48BF-97BA-D4E044F02EB3}"
EndProject
Project("{8BC9CEB8-8B4A-11D0-8D11-00A0C91BC942}") = "Use_Dll", "..\Use_Dll\Use_Dll.vcxproj", "{C6F0ABB5-E302-4144-9E56-32319293BA77}"
EndProject
Global
	GlobalSection(SolutionConfigurationPlatforms) = preSolution
		Debug|x64 = Debug|x64
		Debug|x86 = Debug|x86
		Release|x64 = Release|x64
		Release|x86 = Release|x86
	EndGlobalSection
	GlobalSection(ProjectConfigurationPlatforms) = postSolution
		{C0663FE8-773B-48BF-97BA-D4E044F02EB3}.Debug|x64.ActiveCfg = Debug|x64
		{C0663FE8-773B-48BF-97BA-D4E044F02EB3}.Debug|x64.Build.0 = Debug|x64
		{C0663FE8-773B-48BF-97BA-D4E044F02EB3}.Debug|x86.ActiveCfg = Debug|Win32
		{C0663FE8-773B-48BF-97BA-D4E044F02EB3}.Debug|x86.Build.0 = Debug|Win32
		{C0663FE8-773B-48BF-97BA-D4E044F02EB3}.Release|x64.ActiveCfg = Release|x64
		{C0663FE8-773B-48BF-97BA-D4E044F02EB3}.Release|x64.Build.0 = Release|x64
		{C0663FE8-773B-48BF-97BA-D4E044F02EB3}.Release|x86.ActiveCfg = Release|Win32
		{C0663FE8-773B-48BF-97BA-D4E044F02EB3}.Release|x86.Build.0 = Release|Win32
		{C6F0ABB5-E302-4144-9E56-32319293BA77}.Debug|x64.ActiveCfg = Debug|x64
		{C6F0ABB5-E302-4144-9E56-32319293BA77}.Debug|x64.Build.0 = Debug|x64
		{C6F0ABB5-E302-4144-9E56-32319293BA77}.Debug|x86.ActiveCfg = Debug|Win32
		{C6F0ABB5-E302-4144-9E56-32319293BA77}.Debug|x86.Build.0 = Debug|Win32
		{C6F0ABB5-E302-4144-9E56-32319293BA77}.Release|x64.ActiveCfg = Release|x64
		{C6F0ABB5-E302-4144-9E56-32319293BA77}.Release|x64.Build.0 = Release|x64
		{C6F0ABB5-E302-4144-9E56-32319293BA77}.Release|x86.ActiveCfg = Release|Win32
		{C6F0ABB5-E302-4144-9E56-32319293BA77}.Release|x86.Build.0 = Release|Win32
	EndGlobalSection
	GlobalSection(SolutionProperties) = preSolution
		HideSolutionNode = FALSE
	EndGlobalSection
	GlobalSection(ExtensibilityGlobals) = postSolution
		SolutionGuid = {C8FDFE4B-801C-47D3-8A11-B4010EB48578}
	EndGlobalSection
EndGlobal
